// !$*UTF8*$!
{
	archiveVersion = 1;
	classes = {
	};
	objectVersion = 77;
	objects = {

/* Begin PBXBuildFile section */
		4E60246E2DB731B8005F7B7F /* Preview Assets.xcassets in Resources */ = {isa = PBXBuildFile; fileRef = 4E60245C2DB731B7005F7B7F /* Preview Assets.xcassets */; };
		4E60246F2DB731B8005F7B7F /* Assets.xcassets in Resources */ = {isa = PBXBuildFile; fileRef = 4E6024652DB731B7005F7B7F /* Assets.xcassets */; };
		4E6024702DB731B8005F7B7F /* TrajectoryModel.swift in Sources */ = {isa = PBXBuildFile; fileRef = 4E60245A2DB731B7005F7B7F /* TrajectoryModel.swift */; };
		4E6024712DB731B8005F7B7F /* BezierConfiguration.swift in Sources */ = {isa = PBXBuildFile; fileRef = 4E60245E2DB731B7005F7B7F /* BezierConfiguration.swift */; };
		4E6024722DB731B8005F7B7F /* Common.swift in Sources */ = {isa = PBXBuildFile; fileRef = 4E60245F2DB731B7005F7B7F /* Common.swift */; };
		4E6024732DB731B8005F7B7F /* Extensions.swift in Sources */ = {isa = PBXBuildFile; fileRef = 4E6024602DB731B7005F7B7F /* Extensions.swift */; };
		4E6024742DB731B8005F7B7F /* Shapes.swift in Sources */ = {isa = PBXBuildFile; fileRef = 4E6024612DB731B7005F7B7F /* Shapes.swift */; };
		4E6024752DB731B8005F7B7F /* Views.swift in Sources */ = {isa = PBXBuildFile; fileRef = 4E6024622DB731B7005F7B7F /* Views.swift */; };
		4E6024762DB731B8005F7B7F /* AppDelegate.swift in Sources */ = {isa = PBXBuildFile; fileRef = 4E6024642DB731B7005F7B7F /* AppDelegate.swift */; };
		4E6024772DB731B8005F7B7F /* CameraModel.swift in Sources */ = {isa = PBXBuildFile; fileRef = 4E6024662DB731B7005F7B7F /* CameraModel.swift */; };
		4E6024782DB731B8005F7B7F /* DetectorModel.swift in Sources */ = {isa = PBXBuildFile; fileRef = 4E6024672DB731B7005F7B7F /* DetectorModel.swift */; };
		4E6024792DB731B8005F7B7F /* GameView.swift in Sources */ = {isa = PBXBuildFile; fileRef = 4E6024682DB731B7005F7B7F /* GameView.swift */; };
		4E60247A2DB731B8005F7B7F /* MainApp.swift in Sources */ = {isa = PBXBuildFile; fileRef = 4E6024692DB731B7005F7B7F /* MainApp.swift */; };
		4E60247B2DB731B8005F7B7F /* TrajectoryView.swift in Sources */ = {isa = PBXBuildFile; fileRef = 4E60246A2DB731B7005F7B7F /* TrajectoryView.swift */; };
		4E60247C2DB731B8005F7B7F /* WhooshML.mlmodel in Sources */ = {isa = PBXBuildFile; fileRef = 4E60246B2DB731B7005F7B7F /* WhooshML.mlmodel */; };
		4E60247D2DB731B8005F7B7F /* WhooshML2.mlmodel in Sources */ = {isa = PBXBuildFile; fileRef = 4E60246C2DB731B7005F7B7F /* WhooshML2.mlmodel */; };
		4E60247F2DB860A1005F7B7F /* GameModel.swift in Sources */ = {isa = PBXBuildFile; fileRef = 4E60247E2DB8609E005F7B7F /* GameModel.swift */; };
/* End PBXBuildFile section */

/* Begin PBXFileReference section */
		4E3DC7A82D6D3D83006CEE43 /* Whoosh.app */ = {isa = PBXFileReference; explicitFileType = wrapper.application; includeInIndex = 0; path = Whoosh.app; sourceTree = BUILT_PRODUCTS_DIR; };
		4E60245A2DB731B7005F7B7F /* TrajectoryModel.swift */ = {isa = PBXFileReference; lastKnownFileType = sourcecode.swift; path = TrajectoryModel.swift; sourceTree = "<group>"; };
		4E60245C2DB731B7005F7B7F /* Preview Assets.xcassets */ = {isa = PBXFileReference; lastKnownFileType = folder.assetcatalog; path = "Preview Assets.xcassets"; sourceTree = "<group>"; };
		4E60245E2DB731B7005F7B7F /* BezierConfiguration.swift */ = {isa = PBXFileReference; lastKnownFileType = sourcecode.swift; path = BezierConfiguration.swift; sourceTree = "<group>"; };
		4E60245F2DB731B7005F7B7F /* Common.swift */ = {isa = PBXFileReference; lastKnownFileType = sourcecode.swift; path = Common.swift; sourceTree = "<group>"; };
		4E6024602DB731B7005F7B7F /* Extensions.swift */ = {isa = PBXFileReference; lastKnownFileType = sourcecode.swift; path = Extensions.swift; sourceTree = "<group>"; };
		4E6024612DB731B7005F7B7F /* Shapes.swift */ = {isa = PBXFileReference; lastKnownFileType = sourcecode.swift; path = Shapes.swift; sourceTree = "<group>"; };
		4E6024622DB731B7005F7B7F /* Views.swift */ = {isa = PBXFileReference; lastKnownFileType = sourcecode.swift; path = Views.swift; sourceTree = "<group>"; };
		4E6024642DB731B7005F7B7F /* AppDelegate.swift */ = {isa = PBXFileReference; lastKnownFileType = sourcecode.swift; path = AppDelegate.swift; sourceTree = "<group>"; };
		4E6024652DB731B7005F7B7F /* Assets.xcassets */ = {isa = PBXFileReference; lastKnownFileType = folder.assetcatalog; path = Assets.xcassets; sourceTree = "<group>"; };
		4E6024662DB731B7005F7B7F /* CameraModel.swift */ = {isa = PBXFileReference; lastKnownFileType = sourcecode.swift; path = CameraModel.swift; sourceTree = "<group>"; };
		4E6024672DB731B7005F7B7F /* DetectorModel.swift */ = {isa = PBXFileReference; lastKnownFileType = sourcecode.swift; path = DetectorModel.swift; sourceTree = "<group>"; };
		4E6024682DB731B7005F7B7F /* GameView.swift */ = {isa = PBXFileReference; lastKnownFileType = sourcecode.swift; path = GameView.swift; sourceTree = "<group>"; };
		4E6024692DB731B7005F7B7F /* MainApp.swift */ = {isa = PBXFileReference; lastKnownFileType = sourcecode.swift; path = MainApp.swift; sourceTree = "<group>"; };
		4E60246A2DB731B7005F7B7F /* TrajectoryView.swift */ = {isa = PBXFileReference; lastKnownFileType = sourcecode.swift; path = TrajectoryView.swift; sourceTree = "<group>"; };
		4E60246B2DB731B7005F7B7F /* WhooshML.mlmodel */ = {isa = PBXFileReference; lastKnownFileType = file.mlmodel; path = WhooshML.mlmodel; sourceTree = "<group>"; };
		4E60246C2DB731B7005F7B7F /* WhooshML2.mlmodel */ = {isa = PBXFileReference; lastKnownFileType = file.mlmodel; path = WhooshML2.mlmodel; sourceTree = "<group>"; };
		4E60247E2DB8609E005F7B7F /* GameModel.swift */ = {isa = PBXFileReference; lastKnownFileType = sourcecode.swift; path = GameModel.swift; sourceTree = "<group>"; };
/* End PBXFileReference section */

/* Begin PBXFrameworksBuildPhase section */
		4E3DC7A52D6D3D83006CEE43 /* Frameworks */ = {
			isa = PBXFrameworksBuildPhase;
			buildActionMask = 2147483647;
			files = (
			);
			runOnlyForDeploymentPostprocessing = 0;
		};
/* End PBXFrameworksBuildPhase section */

/* Begin PBXGroup section */
		4E3DC79F2D6D3D83006CEE43 = {
			isa = PBXGroup;
			children = (
				4E60246D2DB731B7005F7B7F /* Whoosh */,
				4E3DC7A92D6D3D83006CEE43 /* Products */,
			);
			sourceTree = "<group>";
		};
		4E3DC7A92D6D3D83006CEE43 /* Products */ = {
			isa = PBXGroup;
			children = (
				4E3DC7A82D6D3D83006CEE43 /* Whoosh.app */,
			);
			name = Products;
			sourceTree = "<group>";
		};
		4E60245B2DB731B7005F7B7F /* Models */ = {
			isa = PBXGroup;
			children = (
				4E60245A2DB731B7005F7B7F /* TrajectoryModel.swift */,
			);
			path = Models;
			sourceTree = "<group>";
		};
		4E60245D2DB731B7005F7B7F /* Preview Content */ = {
			isa = PBXGroup;
			children = (
				4E60245C2DB731B7005F7B7F /* Preview Assets.xcassets */,
			);
			path = "Preview Content";
			sourceTree = "<group>";
		};
		4E6024632DB731B7005F7B7F /* Supporting Files */ = {
			isa = PBXGroup;
			children = (
				4E60245E2DB731B7005F7B7F /* BezierConfiguration.swift */,
				4E60245F2DB731B7005F7B7F /* Common.swift */,
				4E6024602DB731B7005F7B7F /* Extensions.swift */,
				4E6024612DB731B7005F7B7F /* Shapes.swift */,
				4E6024622DB731B7005F7B7F /* Views.swift */,
			);
			path = "Supporting Files";
			sourceTree = "<group>";
		};
		4E60246D2DB731B7005F7B7F /* Whoosh */ = {
			isa = PBXGroup;
			children = (
				4E6024652DB731B7005F7B7F /* Assets.xcassets */,
				4E6024642DB731B7005F7B7F /* AppDelegate.swift */,
				4E6024692DB731B7005F7B7F /* MainApp.swift */,
				4E6024662DB731B7005F7B7F /* CameraModel.swift */,
				4E6024672DB731B7005F7B7F /* DetectorModel.swift */,
				4E60247E2DB8609E005F7B7F /* GameModel.swift */,
				4E6024682DB731B7005F7B7F /* GameView.swift */,
				4E60246A2DB731B7005F7B7F /* TrajectoryView.swift */,
				4E60246B2DB731B7005F7B7F /* WhooshML.mlmodel */,
				4E60246C2DB731B7005F7B7F /* WhooshML2.mlmodel */,
				4E60245B2DB731B7005F7B7F /* Models */,
				4E6024632DB731B7005F7B7F /* Supporting Files */,
				4E60245D2DB731B7005F7B7F /* Preview Content */,
			);
			path = Whoosh;
			sourceTree = "<group>";
		};
/* End PBXGroup section */

/* Begin PBXNativeTarget section */
		4E3DC7A72D6D3D83006CEE43 /* Whoosh */ = {
			isa = PBXNativeTarget;
			buildConfigurationList = 4E3DC7B62D6D3D85006CEE43 /* Build configuration list for PBXNativeTarget "Whoosh" */;
			buildPhases = (
				4E3DC7A42D6D3D83006CEE43 /* Sources */,
				4E3DC7A52D6D3D83006CEE43 /* Frameworks */,
				4E3DC7A62D6D3D83006CEE43 /* Resources */,
			);
			buildRules = (
			);
			dependencies = (
			);
			name = Whoosh;
			packageProductDependencies = (
			);
			productName = Whoosh;
			productReference = 4E3DC7A82D6D3D83006CEE43 /* Whoosh.app */;
			productType = "com.apple.product-type.application";
		};
/* End PBXNativeTarget section */

/* Begin PBXProject section */
		4E3DC7A02D6D3D83006CEE43 /* Project object */ = {
			isa = PBXProject;
			attributes = {
				BuildIndependentTargetsInParallel = 1;
				LastSwiftUpdateCheck = 1610;
				LastUpgradeCheck = 1610;
				TargetAttributes = {
					4E3DC7A72D6D3D83006CEE43 = {
						CreatedOnToolsVersion = 16.1;
					};
				};
			};
			buildConfigurationList = 4E3DC7A32D6D3D83006CEE43 /* Build configuration list for PBXProject "Whoosh" */;
			developmentRegion = en;
			hasScannedForEncodings = 0;
			knownRegions = (
				en,
				Base,
			);
			mainGroup = 4E3DC79F2D6D3D83006CEE43;
			minimizedProjectReferenceProxies = 1;
			preferredProjectObjectVersion = 77;
			productRefGroup = 4E3DC7A92D6D3D83006CEE43 /* Products */;
			projectDirPath = "";
			projectRoot = "";
			targets = (
				4E3DC7A72D6D3D83006CEE43 /* Whoosh */,
			);
		};
/* End PBXProject section */

/* Begin PBXResourcesBuildPhase section */
		4E3DC7A62D6D3D83006CEE43 /* Resources */ = {
			isa = PBXResourcesBuildPhase;
			buildActionMask = 2147483647;
			files = (
				4E60246E2DB731B8005F7B7F /* Preview Assets.xcassets in Resources */,
				4E60246F2DB731B8005F7B7F /* Assets.xcassets in Resources */,
			);
			runOnlyForDeploymentPostprocessing = 0;
		};
/* End PBXResourcesBuildPhase section */

/* Begin PBXSourcesBuildPhase section */
		4E3DC7A42D6D3D83006CEE43 /* Sources */ = {
			isa = PBXSourcesBuildPhase;
			buildActionMask = 2147483647;
			files = (
				4E6024702DB731B8005F7B7F /* TrajectoryModel.swift in Sources */,
				4E6024712DB731B8005F7B7F /* BezierConfiguration.swift in Sources */,
				4E6024722DB731B8005F7B7F /* Common.swift in Sources */,
				4E6024732DB731B8005F7B7F /* Extensions.swift in Sources */,
				4E6024742DB731B8005F7B7F /* Shapes.swift in Sources */,
				4E60247F2DB860A1005F7B7F /* GameModel.swift in Sources */,
				4E6024752DB731B8005F7B7F /* Views.swift in Sources */,
				4E6024762DB731B8005F7B7F /* AppDelegate.swift in Sources */,
				4E6024772DB731B8005F7B7F /* CameraModel.swift in Sources */,
				4E6024782DB731B8005F7B7F /* DetectorModel.swift in Sources */,
				4E6024792DB731B8005F7B7F /* GameView.swift in Sources */,
				4E60247A2DB731B8005F7B7F /* MainApp.swift in Sources */,
				4E60247B2DB731B8005F7B7F /* TrajectoryView.swift in Sources */,
				4E60247C2DB731B8005F7B7F /* WhooshML.mlmodel in Sources */,
				4E60247D2DB731B8005F7B7F /* WhooshML2.mlmodel in Sources */,
			);
			runOnlyForDeploymentPostprocessing = 0;
		};
/* End PBXSourcesBuildPhase section */

/* Begin XCBuildConfiguration section */
		4E3DC7B42D6D3D85006CEE43 /* Debug */ = {
			isa = XCBuildConfiguration;
			buildSettings = {
				ALWAYS_SEARCH_USER_PATHS = NO;
				ASSETCATALOG_COMPILER_GENERATE_SWIFT_ASSET_SYMBOL_EXTENSIONS = YES;
				CLANG_ANALYZER_NONNULL = YES;
				CLANG_ANALYZER_NUMBER_OBJECT_CONVERSION = YES_AGGRESSIVE;
				CLANG_CXX_LANGUAGE_STANDARD = "gnu++20";
				CLANG_ENABLE_MODULES = YES;
				CLANG_ENABLE_OBJC_ARC = YES;
				CLANG_ENABLE_OBJC_WEAK = YES;
				CLANG_WARN_BLOCK_CAPTURE_AUTORELEASING = YES;
				CLANG_WARN_BOOL_CONVERSION = YES;
				CLANG_WARN_COMMA = YES;
				CLANG_WARN_CONSTANT_CONVERSION = YES;
				CLANG_WARN_DEPRECATED_OBJC_IMPLEMENTATIONS = YES;
				CLANG_WARN_DIRECT_OBJC_ISA_USAGE = YES_ERROR;
				CLANG_WARN_DOCUMENTATION_COMMENTS = YES;
				CLANG_WARN_EMPTY_BODY = YES;
				CLANG_WARN_ENUM_CONVERSION = YES;
				CLANG_WARN_INFINITE_RECURSION = YES;
				CLANG_WARN_INT_CONVERSION = YES;
				CLANG_WARN_NON_LITERAL_NULL_CONVERSION = YES;
				CLANG_WARN_OBJC_IMPLICIT_RETAIN_SELF = YES;
				CLANG_WARN_OBJC_LITERAL_CONVERSION = YES;
				CLANG_WARN_OBJC_ROOT_CLASS = YES_ERROR;
				CLANG_WARN_QUOTED_INCLUDE_IN_FRAMEWORK_HEADER = YES;
				CLANG_WARN_RANGE_LOOP_ANALYSIS = YES;
				CLANG_WARN_STRICT_PROTOTYPES = YES;
				CLANG_WARN_SUSPICIOUS_MOVE = YES;
				CLANG_WARN_UNGUARDED_AVAILABILITY = YES_AGGRESSIVE;
				CLANG_WARN_UNREACHABLE_CODE = YES;
				CLANG_WARN__DUPLICATE_METHOD_MATCH = YES;
				COPY_PHASE_STRIP = NO;
				DEBUG_INFORMATION_FORMAT = dwarf;
				ENABLE_STRICT_OBJC_MSGSEND = YES;
				ENABLE_TESTABILITY = YES;
				ENABLE_USER_SCRIPT_SANDBOXING = YES;
				GCC_C_LANGUAGE_STANDARD = gnu17;
				GCC_DYNAMIC_NO_PIC = NO;
				GCC_NO_COMMON_BLOCKS = YES;
				GCC_OPTIMIZATION_LEVEL = 0;
				GCC_PREPROCESSOR_DEFINITIONS = (
					"DEBUG=1",
					"$(inherited)",
				);
				GCC_WARN_64_TO_32_BIT_CONVERSION = YES;
				GCC_WARN_ABOUT_RETURN_TYPE = YES_ERROR;
				GCC_WARN_UNDECLARED_SELECTOR = YES;
				GCC_WARN_UNINITIALIZED_AUTOS = YES_AGGRESSIVE;
				GCC_WARN_UNUSED_FUNCTION = YES;
				GCC_WARN_UNUSED_VARIABLE = YES;
				IPHONEOS_DEPLOYMENT_TARGET = 18.1;
				LOCALIZATION_PREFERS_STRING_CATALOGS = YES;
				MTL_ENABLE_DEBUG_INFO = INCLUDE_SOURCE;
				MTL_FAST_MATH = YES;
				ONLY_ACTIVE_ARCH = YES;
				SDKROOT = iphoneos;
				SWIFT_ACTIVE_COMPILATION_CONDITIONS = "DEBUG $(inherited)";
				SWIFT_OPTIMIZATION_LEVEL = "-Onone";
			};
			name = Debug;
		};
		4E3DC7B52D6D3D85006CEE43 /* Release */ = {
			isa = XCBuildConfiguration;
			buildSettings = {
				ALWAYS_SEARCH_USER_PATHS = NO;
				ASSETCATALOG_COMPILER_GENERATE_SWIFT_ASSET_SYMBOL_EXTENSIONS = YES;
				CLANG_ANALYZER_NONNULL = YES;
				CLANG_ANALYZER_NUMBER_OBJECT_CONVERSION = YES_AGGRESSIVE;
				CLANG_CXX_LANGUAGE_STANDARD = "gnu++20";
				CLANG_ENABLE_MODULES = YES;
				CLANG_ENABLE_OBJC_ARC = YES;
				CLANG_ENABLE_OBJC_WEAK = YES;
				CLANG_WARN_BLOCK_CAPTURE_AUTORELEASING = YES;
				CLANG_WARN_BOOL_CONVERSION = YES;
				CLANG_WARN_COMMA = YES;
				CLANG_WARN_CONSTANT_CONVERSION = YES;
				CLANG_WARN_DEPRECATED_OBJC_IMPLEMENTATIONS = YES;
				CLANG_WARN_DIRECT_OBJC_ISA_USAGE = YES_ERROR;
				CLANG_WARN_DOCUMENTATION_COMMENTS = YES;
				CLANG_WARN_EMPTY_BODY = YES;
				CLANG_WARN_ENUM_CONVERSION = YES;
				CLANG_WARN_INFINITE_RECURSION = YES;
				CLANG_WARN_INT_CONVERSION = YES;
				CLANG_WARN_NON_LITERAL_NULL_CONVERSION = YES;
				CLANG_WARN_OBJC_IMPLICIT_RETAIN_SELF = YES;
				CLANG_WARN_OBJC_LITERAL_CONVERSION = YES;
				CLANG_WARN_OBJC_ROOT_CLASS = YES_ERROR;
				CLANG_WARN_QUOTED_INCLUDE_IN_FRAMEWORK_HEADER = YES;
				CLANG_WARN_RANGE_LOOP_ANALYSIS = YES;
				CLANG_WARN_STRICT_PROTOTYPES = YES;
				CLANG_WARN_SUSPICIOUS_MOVE = YES;
				CLANG_WARN_UNGUARDED_AVAILABILITY = YES_AGGRESSIVE;
				CLANG_WARN_UNREACHABLE_CODE = YES;
				CLANG_WARN__DUPLICATE_METHOD_MATCH = YES;
				COPY_PHASE_STRIP = NO;
				DEBUG_INFORMATION_FORMAT = "dwarf-with-dsym";
				ENABLE_NS_ASSERTIONS = NO;
				ENABLE_STRICT_OBJC_MSGSEND = YES;
				ENABLE_USER_SCRIPT_SANDBOXING = YES;
				GCC_C_LANGUAGE_STANDARD = gnu17;
				GCC_NO_COMMON_BLOCKS = YES;
				GCC_WARN_64_TO_32_BIT_CONVERSION = YES;
				GCC_WARN_ABOUT_RETURN_TYPE = YES_ERROR;
				GCC_WARN_UNDECLARED_SELECTOR = YES;
				GCC_WARN_UNINITIALIZED_AUTOS = YES_AGGRESSIVE;
				GCC_WARN_UNUSED_FUNCTION = YES;
				GCC_WARN_UNUSED_VARIABLE = YES;
				IPHONEOS_DEPLOYMENT_TARGET = 18.1;
				LOCALIZATION_PREFERS_STRING_CATALOGS = YES;
				MTL_ENABLE_DEBUG_INFO = NO;
				MTL_FAST_MATH = YES;
				SDKROOT = iphoneos;
				SWIFT_COMPILATION_MODE = wholemodule;
				VALIDATE_PRODUCT = YES;
			};
			name = Release;
		};
		4E3DC7B72D6D3D85006CEE43 /* Debug */ = {
			isa = XCBuildConfiguration;
			buildSettings = {
				ASSETCATALOG_COMPILER_APPICON_NAME = AppIcon;
				ASSETCATALOG_COMPILER_GLOBAL_ACCENT_COLOR_NAME = AccentColor;
				CODE_SIGN_STYLE = Automatic;
				CURRENT_PROJECT_VERSION = 1;
				DEVELOPMENT_ASSET_PATHS = "\"Whoosh/Preview Content\"";
				DEVELOPMENT_TEAM = 697P53F8PR;
				ENABLE_PREVIEWS = YES;
				GENERATE_INFOPLIST_FILE = YES;
				INFOPLIST_KEY_NSCameraUsageDescription = "";
				INFOPLIST_KEY_UIApplicationSupportsIndirectInputEvents = YES;
				INFOPLIST_KEY_UILaunchScreen_Generation = YES;
				INFOPLIST_KEY_UIRequiredDeviceCapabilities = arkit;
				INFOPLIST_KEY_UIStatusBarHidden = YES;
				INFOPLIST_KEY_UISupportedInterfaceOrientations_iPad = "UIInterfaceOrientationPortrait UIInterfaceOrientationPortraitUpsideDown UIInterfaceOrientationLandscapeLeft UIInterfaceOrientationLandscapeRight";
				INFOPLIST_KEY_UISupportedInterfaceOrientations_iPhone = "UIInterfaceOrientationPortrait UIInterfaceOrientationLandscapeLeft UIInterfaceOrientationLandscapeRight";
				LD_RUNPATH_SEARCH_PATHS = (
					"$(inherited)",
					"@executable_path/Frameworks",
				);
				MARKETING_VERSION = 1.0;
				PRODUCT_BUNDLE_IDENTIFIER = com.test.Whoosh;
				PRODUCT_NAME = "$(TARGET_NAME)";
				SWIFT_EMIT_LOC_STRINGS = YES;
				SWIFT_VERSION = 5.0;
				TARGETED_DEVICE_FAMILY = "1,2";
			};
			name = Debug;
		};
		4E3DC7B82D6D3D85006CEE43 /* Release */ = {
			isa = XCBuildConfiguration;
			buildSettings = {
				ASSETCATALOG_COMPILER_APPICON_NAME = AppIcon;
				ASSETCATALOG_COMPILER_GLOBAL_ACCENT_COLOR_NAME = AccentColor;
				CODE_SIGN_STYLE = Automatic;
				CURRENT_PROJECT_VERSION = 1;
				DEVELOPMENT_ASSET_PATHS = "\"Whoosh/Preview Content\"";
				DEVELOPMENT_TEAM = 697P53F8PR;
				ENABLE_PREVIEWS = YES;
				GENERATE_INFOPLIST_FILE = YES;
				INFOPLIST_KEY_NSCameraUsageDescription = "";
				INFOPLIST_KEY_UIApplicationSupportsIndirectInputEvents = YES;
				INFOPLIST_KEY_UILaunchScreen_Generation = YES;
				INFOPLIST_KEY_UIRequiredDeviceCapabilities = arkit;
				INFOPLIST_KEY_UIStatusBarHidden = YES;
				INFOPLIST_KEY_UISupportedInterfaceOrientations_iPad = "UIInterfaceOrientationPortrait UIInterfaceOrientationPortraitUpsideDown UIInterfaceOrientationLandscapeLeft UIInterfaceOrientationLandscapeRight";
				INFOPLIST_KEY_UISupportedInterfaceOrientations_iPhone = "UIInterfaceOrientationPortrait UIInterfaceOrientationLandscapeLeft UIInterfaceOrientationLandscapeRight";
				LD_RUNPATH_SEARCH_PATHS = (
					"$(inherited)",
					"@executable_path/Frameworks",
				);
				MARKETING_VERSION = 1.0;
				PRODUCT_BUNDLE_IDENTIFIER = com.test.Whoosh;
				PRODUCT_NAME = "$(TARGET_NAME)";
				SWIFT_EMIT_LOC_STRINGS = YES;
				SWIFT_VERSION = 5.0;
				TARGETED_DEVICE_FAMILY = "1,2";
			};
			name = Release;
		};
/* End XCBuildConfiguration section */

/* Begin XCConfigurationList section */
		4E3DC7A32D6D3D83006CEE43 /* Build configuration list for PBXProject "Whoosh" */ = {
			isa = XCConfigurationList;
			buildConfigurations = (
				4E3DC7B42D6D3D85006CEE43 /* Debug */,
				4E3DC7B52D6D3D85006CEE43 /* Release */,
			);
			defaultConfigurationIsVisible = 0;
			defaultConfigurationName = Release;
		};
		4E3DC7B62D6D3D85006CEE43 /* Build configuration list for PBXNativeTarget "Whoosh" */ = {
			isa = XCConfigurationList;
			buildConfigurations = (
				4E3DC7B72D6D3D85006CEE43 /* Debug */,
				4E3DC7B82D6D3D85006CEE43 /* Release */,
			);
			defaultConfigurationIsVisible = 0;
			defaultConfigurationName = Release;
		};
/* End XCConfigurationList section */
	};
	rootObject = 4E3DC7A02D6D3D83006CEE43 /* Project object */;
}
